
Microsoft Visual Studio Solution File, Format Version 11.00
# Visual Studio 2010
Project("{8BC9CEB8-8B4A-11D0-8D11-00A0C91BC942}") = "人工神经网络", "人工神经网络.vcxproj", "{0F08F514-67C3-4D72-9DF2-7CD051B06FCF}"
EndProject
Global
	GlobalSection(SolutionConfigurationPlatforms) = preSolution
		Debug|Win32 = Debug|Win32
		Release|Win32 = Release|Win32
	EndGlobalSection
	GlobalSection(ProjectConfigurationPlatforms) = postSolution
		{0F08F514-67C3-4D72-9DF2-7CD051B06FCF}.Debug|Win32.ActiveCfg = Debug|Win32
		{0F08F514-67C3-4D72-9DF2-7CD051B06FCF}.Debug|Win32.Build.0 = Debug|Win32
		{0F08F514-67C3-4D72-9DF2-7CD051B06FCF}.Release|Win32.ActiveCfg = Release|Win32
		{0F08F514-67C3-4D72-9DF2-7CD051B06FCF}.Release|Win32.Build.0 = Release|Win32
	EndGlobalSection
	GlobalSection(SolutionProperties) = preSolution
		HideSolutionNode = FALSE
	EndGlobalSection
EndGlobal
